
Microsoft Visual Studio Solution File, Format Version 12.00
# Visual Studio Version 16
VisualStudioVersion = 16.0.29613.14
MinimumVisualStudioVersion = 10.0.40219.1
Project("{9A19103F-16F7-4668-BE54-9A1E7A4F7556}") = "Chamados", "Prototipo_01\Chamados.csproj", "{C329C7B1-E2C9-4D3B-BEC0-DA19C6223D3A}"
EndProject
Global
	GlobalSection(SolutionConfigurationPlatforms) = preSolution
		Debug|Any CPU = Debug|Any CPU
		Release|Any CPU = Release|Any CPU
	EndGlobalSection
	GlobalSection(ProjectConfigurationPlatforms) = postSolution
		{C329C7B1-E2C9-4D3B-BEC0-DA19C6223D3A}.Debug|Any CPU.ActiveCfg = Debug|Any CPU
		{C329C7B1-E2C9-4D3B-BEC0-DA19C6223D3A}.Debug|Any CPU.Build.0 = Debug|Any CPU
		{C329C7B1-E2C9-4D3B-BEC0-DA19C6223D3A}.Release|Any CPU.ActiveCfg = Release|Any CPU
		{C329C7B1-E2C9-4D3B-BEC0-DA19C6223D3A}.Release|Any CPU.Build.0 = Release|Any CPU
	EndGlobalSection
	GlobalSection(SolutionProperties) = preSolution
		HideSolutionNode = FALSE
	EndGlobalSection
	GlobalSection(ExtensibilityGlobals) = postSolution
		SolutionGuid = {A5DBD651-DF56-4A1B-879C-5D97B8CE2A9D}
	EndGlobalSection
EndGlobal
